
Microsoft Visual Studio Solution File, Format Version 12.00
# Visual Studio 15
VisualStudioVersion = 15.0.28307.1062
MinimumVisualStudioVersion = 10.0.40219.1
Project("{FAE04EC0-301F-11D3-BF4B-00C04F79EFBC}") = "ConsoleApp3", "ConsoleApp3\ConsoleApp3.csproj", "{6A5B1CE5-D097-4A88-94AA-471E126E54CE}"
EndProject
Global
	GlobalSection(SolutionConfigurationPlatforms) = preSolution
		Debug|Any CPU = Debug|Any CPU
		Release|Any CPU = Release|Any CPU
	EndGlobalSection
	GlobalSection(ProjectConfigurationPlatforms) = postSolution
		{6A5B1CE5-D097-4A88-94AA-471E126E54CE}.Debug|Any CPU.ActiveCfg = Debug|Any CPU
		{6A5B1CE5-D097-4A88-94AA-471E126E54CE}.Debug|Any CPU.Build.0 = Debug|Any CPU
		{6A5B1CE5-D097-4A88-94AA-471E126E54CE}.Release|Any CPU.ActiveCfg = Release|Any CPU
		{6A5B1CE5-D097-4A88-94AA-471E126E54CE}.Release|Any CPU.Build.0 = Release|Any CPU
	EndGlobalSection
	GlobalSection(SolutionProperties) = preSolution
		HideSolutionNode = FALSE
	EndGlobalSection
	GlobalSection(ExtensibilityGlobals) = postSolution
		SolutionGuid = {5EF7A561-E029-4FA3-B44C-7480300F60E7}
	EndGlobalSection
EndGlobal
